
Microsoft Visual Studio Solution File, Format Version 12.00
# Visual Studio Version 16
VisualStudioVersion = 16.0.31321.278
MinimumVisualStudioVersion = 10.0.40219.1
Project("{FAE04EC0-301F-11D3-BF4B-00C04F79EFBC}") = "markify", "markify\markify.csproj", "{A3638EC7-8DE8-4EF6-8FD3-F7EA8C89330E}"
EndProject
Global
	GlobalSection(SolutionConfigurationPlatforms) = preSolution
		Debug|Any CPU = Debug|Any CPU
		Release|Any CPU = Release|Any CPU
	EndGlobalSection
	GlobalSection(ProjectConfigurationPlatforms) = postSolution
		{A3638EC7-8DE8-4EF6-8FD3-F7EA8C89330E}.Debug|Any CPU.ActiveCfg = Debug|Any CPU
		{A3638EC7-8DE8-4EF6-8FD3-F7EA8C89330E}.Debug|Any CPU.Build.0 = Debug|Any CPU
		{A3638EC7-8DE8-4EF6-8FD3-F7EA8C89330E}.Release|Any CPU.ActiveCfg = Release|Any CPU
		{A3638EC7-8DE8-4EF6-8FD3-F7EA8C89330E}.Release|Any CPU.Build.0 = Release|Any CPU
	EndGlobalSection
	GlobalSection(SolutionProperties) = preSolution
		HideSolutionNode = FALSE
	EndGlobalSection
	GlobalSection(ExtensibilityGlobals) = postSolution
		SolutionGuid = {0B3557DD-955D-4C09-8F15-78F7ABD9E888}
	EndGlobalSection
EndGlobal
